{
  "requires": true,
  "lockfileVersion": 1,
  "dependencies": {
    "zingchart": {
      "version": "2.8.9",
      "resolved": "https://registry.npmjs.org/zingchart/-/zingchart-2.8.9.tgz",
      "integrity": "sha512-+kztIkQBLzBjbYhMMI16bOuP4nWkBFI4xwYal5v5QDzi9beMjWvlmKfwBYpwwLiB1rVW3luXFyo1rZM0ycRe7g=="
    }
  }
}
